// !$*UTF8*$!
{
	archiveVersion = 1;
	classes = {
	};
	objectVersion = 46;
	objects = {

/* Begin PBXBuildFile section */
		391C09981BF9374A0029E4FA /* AppDelegate.swift in Sources */ = {isa = PBXBuildFile; fileRef = 391C09971BF9374A0029E4FA /* AppDelegate.swift */; };
		391C099D1BF9374A0029E4FA /* Main.storyboard in Resources */ = {isa = PBXBuildFile; fileRef = 391C099B1BF9374A0029E4FA /* Main.storyboard */; };
		391C099F1BF9374A0029E4FA /* Assets.xcassets in Resources */ = {isa = PBXBuildFile; fileRef = 391C099E1BF9374A0029E4FA /* Assets.xcassets */; };
		391C09A21BF9374A0029E4FA /* LaunchScreen.storyboard in Resources */ = {isa = PBXBuildFile; fileRef = 391C09A01BF9374A0029E4FA /* LaunchScreen.storyboard */; };
		391C09AC1BF93CEF0029E4FA /* RecordSoundsViewController.swift in Sources */ = {isa = PBXBuildFile; fileRef = 391C09AB1BF93CEF0029E4FA /* RecordSoundsViewController.swift */; };
		391C09B01BF94A4B0029E4FA /* PlaySoundsViewController.swift in Sources */ = {isa = PBXBuildFile; fileRef = 391C09AF1BF94A4B0029E4FA /* PlaySoundsViewController.swift */; };
		391C09B21BF953A40029E4FA /* RecordedAudio.swift in Sources */ = {isa = PBXBuildFile; fileRef = 391C09B11BF953A40029E4FA /* RecordedAudio.swift */; };
/* End PBXBuildFile section */

/* Begin PBXFileReference section */
		391C09941BF9374A0029E4FA /* PitchPerfect.app */ = {isa = PBXFileReference; explicitFileType = wrapper.application; includeInIndex = 0; path = PitchPerfect.app; sourceTree = BUILT_PRODUCTS_DIR; };
		391C09971BF9374A0029E4FA /* AppDelegate.swift */ = {isa = PBXFileReference; lastKnownFileType = sourcecode.swift; path = AppDelegate.swift; sourceTree = "<group>"; };
		391C099C1BF9374A0029E4FA /* Base */ = {isa = PBXFileReference; lastKnownFileType = file.storyboard; name = Base; path = Base.lproj/Main.storyboard; sourceTree = "<group>"; };
		391C099E1BF9374A0029E4FA /* Assets.xcassets */ = {isa = PBXFileReference; lastKnownFileType = folder.assetcatalog; path = Assets.xcassets; sourceTree = "<group>"; };
		391C09A11BF9374A0029E4FA /* Base */ = {isa = PBXFileReference; lastKnownFileType = file.storyboard; name = Base; path = Base.lproj/LaunchScreen.storyboard; sourceTree = "<group>"; };
		391C09A31BF9374A0029E4FA /* Info.plist */ = {isa = PBXFileReference; lastKnownFileType = text.plist.xml; path = Info.plist; sourceTree = "<group>"; };
		391C09AB1BF93CEF0029E4FA /* RecordSoundsViewController.swift */ = {isa = PBXFileReference; fileEncoding = 4; lastKnownFileType = sourcecode.swift; path = RecordSoundsViewController.swift; sourceTree = "<group>"; };
		391C09AF1BF94A4B0029E4FA /* PlaySoundsViewController.swift */ = {isa = PBXFileReference; fileEncoding = 4; lastKnownFileType = sourcecode.swift; path = PlaySoundsViewController.swift; sourceTree = "<group>"; };
		391C09B11BF953A40029E4FA /* RecordedAudio.swift */ = {isa = PBXFileReference; fileEncoding = 4; lastKnownFileType = sourcecode.swift; path = RecordedAudio.swift; sourceTree = "<group>"; };
/* End PBXFileReference section */

/* Begin PBXFrameworksBuildPhase section */
		391C09911BF9374A0029E4FA /* Frameworks */ = {
			isa = PBXFrameworksBuildPhase;
			buildActionMask = 2147483647;
			files = (
			);
			runOnlyForDeploymentPostprocessing = 0;
		};
/* End PBXFrameworksBuildPhase section */

/* Begin PBXGroup section */
		391C098B1BF9374A0029E4FA = {
			isa = PBXGroup;
			children = (
				391C09961BF9374A0029E4FA /* PitchPerfect */,
				391C09951BF9374A0029E4FA /* Products */,
			);
			sourceTree = "<group>";
		};
		391C09951BF9374A0029E4FA /* Products */ = {
			isa = PBXGroup;
			children = (
				391C09941BF9374A0029E4FA /* PitchPerfect.app */,
			);
			name = Products;
			sourceTree = "<group>";
		};
		391C09961BF9374A0029E4FA /* PitchPerfect */ = {
			isa = PBXGroup;
			children = (
				391C09971BF9374A0029E4FA /* AppDelegate.swift */,
				391C099E1BF9374A0029E4FA /* Assets.xcassets */,
				391C09A31BF9374A0029E4FA /* Info.plist */,
				391C09A01BF9374A0029E4FA /* LaunchScreen.storyboard */,
				391C099B1BF9374A0029E4FA /* Main.storyboard */,
				391C09AF1BF94A4B0029E4FA /* PlaySoundsViewController.swift */,
				391C09B11BF953A40029E4FA /* RecordedAudio.swift */,
				391C09AB1BF93CEF0029E4FA /* RecordSoundsViewController.swift */,
			);
			path = PitchPerfect;
			sourceTree = "<group>";
		};
/* End PBXGroup section */

/* Begin PBXNativeTarget section */
		391C09931BF9374A0029E4FA /* PitchPerfect */ = {
			isa = PBXNativeTarget;
			buildConfigurationList = 391C09A61BF9374A0029E4FA /* Build configuration list for PBXNativeTarget "PitchPerfect" */;
			buildPhases = (
				391C09901BF9374A0029E4FA /* Sources */,
				391C09911BF9374A0029E4FA /* Frameworks */,
				391C09921BF9374A0029E4FA /* Resources */,
			);
			buildRules = (
			);
			dependencies = (
			);
			name = PitchPerfect;
			productName = PitchPerfect;
			productReference = 391C09941BF9374A0029E4FA /* PitchPerfect.app */;
			productType = "com.apple.product-type.application";
		};
/* End PBXNativeTarget section */

/* Begin PBXProject section */
		391C098C1BF9374A0029E4FA /* Project object */ = {
			isa = PBXProject;
			attributes = {
				LastSwiftUpdateCheck = 0710;
				LastUpgradeCheck = 0710;
				ORGANIZATIONNAME = "Matthew Rocco";
				TargetAttributes = {
					391C09931BF9374A0029E4FA = {
						CreatedOnToolsVersion = 7.1;
						DevelopmentTeam = Z92AGQ2RYY;
					};
				};
			};
			buildConfigurationList = 391C098F1BF9374A0029E4FA /* Build configuration list for PBXProject "PitchPerfect" */;
			compatibilityVersion = "Xcode 3.2";
			developmentRegion = English;
			hasScannedForEncodings = 0;
			knownRegions = (
				en,
				Base,
			);
			mainGroup = 391C098B1BF9374A0029E4FA;
			productRefGroup = 391C09951BF9374A0029E4FA /* Products */;
			projectDirPath = "";
			projectRoot = "";
			targets = (
				391C09931BF9374A0029E4FA /* PitchPerfect */,
			);
		};
/* End PBXProject section */

/* Begin PBXResourcesBuildPhase section */
		391C09921BF9374A0029E4FA /* Resources */ = {
			isa = PBXResourcesBuildPhase;
			buildActionMask = 2147483647;
			files = (
				391C09A21BF9374A0029E4FA /* LaunchScreen.storyboard in Resources */,
				391C099F1BF9374A0029E4FA /* Assets.xcassets in Resources */,
				391C099D1BF9374A0029E4FA /* Main.storyboard in Resources */,
			);
			runOnlyForDeploymentPostprocessing = 0;
		};
/* End PBXResourcesBuildPhase section */

/* Begin PBXSourcesBuildPhase section */
		391C09901BF9374A0029E4FA /* Sources */ = {
			isa = PBXSourcesBuildPhase;
			buildActionMask = 2147483647;
			files = (
				391C09B21BF953A40029E4FA /* RecordedAudio.swift in Sources */,
				391C09AC1BF93CEF0029E4FA /* RecordSoundsViewController.swift in Sources */,
				391C09B01BF94A4B0029E4FA /* PlaySoundsViewController.swift in Sources */,
				391C09981BF9374A0029E4FA /* AppDelegate.swift in Sources */,
			);
			runOnlyForDeploymentPostprocessing = 0;
		};
/* End PBXSourcesBuildPhase section */

/* Begin PBXVariantGroup section */
		391C099B1BF9374A0029E4FA /* Main.storyboard */ = {
			isa = PBXVariantGroup;
			children = (
				391C099C1BF9374A0029E4FA /* Base */,
			);
			name = Main.storyboard;
			sourceTree = "<group>";
		};
		391C09A01BF9374A0029E4FA /* LaunchScreen.storyboard */ = {
			isa = PBXVariantGroup;
			children = (
				391C09A11BF9374A0029E4FA /* Base */,
			);
			name = LaunchScreen.storyboard;
			sourceTree = "<group>";
		};
/* End PBXVariantGroup section */

/* Begin XCBuildConfiguration section */
		391C09A41BF9374A0029E4FA /* Debug */ = {
			isa = XCBuildConfiguration;
			buildSettings = {
				ALWAYS_SEARCH_USER_PATHS = NO;
				CLANG_CXX_LANGUAGE_STANDARD = "gnu++0x";
				CLANG_CXX_LIBRARY = "libc++";
				CLANG_ENABLE_MODULES = YES;
				CLANG_ENABLE_OBJC_ARC = YES;
				CLANG_WARN_BOOL_CONVERSION = YES;
				CLANG_WARN_CONSTANT_CONVERSION = YES;
				CLANG_WARN_DIRECT_OBJC_ISA_USAGE = YES_ERROR;
				CLANG_WARN_EMPTY_BODY = YES;
				CLANG_WARN_ENUM_CONVERSION = YES;
				CLANG_WARN_INT_CONVERSION = YES;
				CLANG_WARN_OBJC_ROOT_CLASS = YES_ERROR;
				CLANG_WARN_UNREACHABLE_CODE = YES;
				CLANG_WARN__DUPLICATE_METHOD_MATCH = YES;
				"CODE_SIGN_IDENTITY[sdk=iphoneos*]" = "iPhone Developer";
				COPY_PHASE_STRIP = NO;
				DEBUG_INFORMATION_FORMAT = dwarf;
				ENABLE_STRICT_OBJC_MSGSEND = YES;
				ENABLE_TESTABILITY = YES;
				GCC_C_LANGUAGE_STANDARD = gnu99;
				GCC_DYNAMIC_NO_PIC = NO;
				GCC_NO_COMMON_BLOCKS = YES;
				GCC_OPTIMIZATION_LEVEL = 0;
				GCC_PREPROCESSOR_DEFINITIONS = (
					"DEBUG=1",
					"$(inherited)",
				);
				GCC_WARN_64_TO_32_BIT_CONVERSION = YES;
				GCC_WARN_ABOUT_RETURN_TYPE = YES_ERROR;
				GCC_WARN_UNDECLARED_SELECTOR = YES;
				GCC_WARN_UNINITIALIZED_AUTOS = YES_AGGRESSIVE;
				GCC_WARN_UNUSED_FUNCTION = YES;
				GCC_WARN_UNUSED_VARIABLE = YES;
				IPHONEOS_DEPLOYMENT_TARGET = 9.1;
				MTL_ENABLE_DEBUG_INFO = YES;
				ONLY_ACTIVE_ARCH = YES;
				SDKROOT = iphoneos;
				SWIFT_OPTIMIZATION_LEVEL = "-Onone";
			};
			name = Debug;
		};
		391C09A51BF9374A0029E4FA /* Release */ = {
			isa = XCBuildConfiguration;
			buildSettings = {
				ALWAYS_SEARCH_USER_PATHS = NO;
				CLANG_CXX_LANGUAGE_STANDARD = "gnu++0x";
				CLANG_CXX_LIBRARY = "libc++";
				CLANG_ENABLE_MODULES = YES;
				CLANG_ENABLE_OBJC_ARC = YES;
				CLANG_WARN_BOOL_CONVERSION = YES;
				CLANG_WARN_CONSTANT_CONVERSION = YES;
				CLANG_WARN_DIRECT_OBJC_ISA_USAGE = YES_ERROR;
				CLANG_WARN_EMPTY_BODY = YES;
				CLANG_WARN_ENUM_CONVERSION = YES;
				CLANG_WARN_INT_CONVERSION = YES;
				CLANG_WARN_OBJC_ROOT_CLASS = YES_ERROR;
				CLANG_WARN_UNREACHABLE_CODE = YES;
				CLANG_WARN__DUPLICATE_METHOD_MATCH = YES;
				"CODE_SIGN_IDENTITY[sdk=iphoneos*]" = "iPhone Developer";
				COPY_PHASE_STRIP = NO;
				DEBUG_INFORMATION_FORMAT = "dwarf-with-dsym";
				ENABLE_NS_ASSERTIONS = NO;
				ENABLE_STRICT_OBJC_MSGSEND = YES;
				GCC_C_LANGUAGE_STANDARD = gnu99;
				GCC_NO_COMMON_BLOCKS = YES;
				GCC_WARN_64_TO_32_BIT_CONVERSION = YES;
				GCC_WARN_ABOUT_RETURN_TYPE = YES_ERROR;
				GCC_WARN_UNDECLARED_SELECTOR = YES;
				GCC_WARN_UNINITIALIZED_AUTOS = YES_AGGRESSIVE;
				GCC_WARN_UNUSED_FUNCTION = YES;
				GCC_WARN_UNUSED_VARIABLE = YES;
				IPHONEOS_DEPLOYMENT_TARGET = 9.1;
				MTL_ENABLE_DEBUG_INFO = NO;
				SDKROOT = iphoneos;
				VALIDATE_PRODUCT = YES;
			};
			name = Release;
		};
		391C09A71BF9374A0029E4FA /* Debug */ = {
			isa = XCBuildConfiguration;
			buildSettings = {
				ASSETCATALOG_COMPILER_APPICON_NAME = AppIcon;
				INFOPLIST_FILE = PitchPerfect/Info.plist;
				IPHONEOS_DEPLOYMENT_TARGET = 9.0;
				LD_RUNPATH_SEARCH_PATHS = "$(inherited) @executable_path/Frameworks";
				PRODUCT_BUNDLE_IDENTIFIER = com.roclobster.PitchPerfect;
				PRODUCT_NAME = "$(TARGET_NAME)";
			};
			name = Debug;
		};
		391C09A81BF9374A0029E4FA /* Release */ = {
			isa = XCBuildConfiguration;
			buildSettings = {
				ASSETCATALOG_COMPILER_APPICON_NAME = AppIcon;
				INFOPLIST_FILE = PitchPerfect/Info.plist;
				IPHONEOS_DEPLOYMENT_TARGET = 9.0;
				LD_RUNPATH_SEARCH_PATHS = "$(inherited) @executable_path/Frameworks";
				PRODUCT_BUNDLE_IDENTIFIER = com.roclobster.PitchPerfect;
				PRODUCT_NAME = "$(TARGET_NAME)";
			};
			name = Release;
		};
/* End XCBuildConfiguration section */

/* Begin XCConfigurationList section */
		391C098F1BF9374A0029E4FA /* Build configuration list for PBXProject "PitchPerfect" */ = {
			isa = XCConfigurationList;
			buildConfigurations = (
				391C09A41BF9374A0029E4FA /* Debug */,
				391C09A51BF9374A0029E4FA /* Release */,
			);
			defaultConfigurationIsVisible = 0;
			defaultConfigurationName = Release;
		};
		391C09A61BF9374A0029E4FA /* Build configuration list for PBXNativeTarget "PitchPerfect" */ = {
			isa = XCConfigurationList;
			buildConfigurations = (
				391C09A71BF9374A0029E4FA /* Debug */,
				391C09A81BF9374A0029E4FA /* Release */,
			);
			defaultConfigurationIsVisible = 0;
		};
/* End XCConfigurationList section */
	};
	rootObject = 391C098C1BF9374A0029E4FA /* Project object */;
}
